# THIS IS AN AUTOGENERATED FILE. DO NOT EDIT THIS FILE DIRECTLY.
# yarn lockfile v1


"@types/js-yaml@^4.0.8":
  version "4.0.8"
  resolved "https://artifactory.ihs.demonware.net/artifactory/api/npm/demonware-npm/@types/js-yaml/-/js-yaml-4.0.8.tgz#7574e422d70d4a1b41f517d1d9abc61be2299a97"
  integrity sha512-m6jnPk1VhlYRiLFm3f8X9Uep761f+CK8mHyS65LutH2OhmBF0BeMEjHgg05usH8PLZMWWc/BUR9RPmkvpWnyRA==

argparse@^2.0.1:
  version "2.0.1"
  resolved "https://artifactory.ihs.demonware.net/artifactory/api/npm/demonware-npm/argparse/-/argparse-2.0.1.tgz#246f50f3ca78a3240f6c997e8a9bd1eac49e4b38"
  integrity sha512-8+9WqebbFzpX9OR+Wa6O29asIogeRMzcGtAINdpMHHyAg10f05aSFVBbcEqGf/PXw1EjAZ+q2/bEBg3DvurK3Q==

js-yaml@^4.1.0:
  version "4.1.0"
  resolved "https://artifactory.ihs.demonware.net/artifactory/api/npm/demonware-npm/js-yaml/-/js-yaml-4.1.0.tgz#c1fb65f8f5017901cdd2c951864ba18458a10602"
  integrity sha512-wpxZs9NoxZaJESJGIZTyDEaYpl0FKSA+FB9aJiyemKhMwkxQg63h4T1KJgUGHpTqPDNRcmmYLugrRjJlBtWvRA==
  dependencies:
    argparse "^2.0.1"
